
Microsoft Visual Studio Solution File, Format Version 12.00
# Visual Studio 15
VisualStudioVersion = 15.0.28010.2048
MinimumVisualStudioVersion = 10.0.40219.1
Project("{FAE04EC0-301F-11D3-BF4B-00C04F79EFBC}") = "DailyTasks", "DailyTasks\DailyTasks.csproj", "{8C28AC3B-0599-40EF-B825-63EF983BEF5A}"
EndProject
Global
	GlobalSection(SolutionConfigurationPlatforms) = preSolution
		Debug|Any CPU = Debug|Any CPU
		Release|Any CPU = Release|Any CPU
	EndGlobalSection
	GlobalSection(ProjectConfigurationPlatforms) = postSolution
		{8C28AC3B-0599-40EF-B825-63EF983BEF5A}.Debug|Any CPU.ActiveCfg = Debug|Any CPU
		{8C28AC3B-0599-40EF-B825-63EF983BEF5A}.Debug|Any CPU.Build.0 = Debug|Any CPU
		{8C28AC3B-0599-40EF-B825-63EF983BEF5A}.Release|Any CPU.ActiveCfg = Release|Any CPU
		{8C28AC3B-0599-40EF-B825-63EF983BEF5A}.Release|Any CPU.Build.0 = Release|Any CPU
	EndGlobalSection
	GlobalSection(SolutionProperties) = preSolution
		HideSolutionNode = FALSE
	EndGlobalSection
	GlobalSection(ExtensibilityGlobals) = postSolution
		SolutionGuid = {840C2F12-2CB3-4FEA-B63A-5FD8CE7E4CBD}
	EndGlobalSection
EndGlobal
