
Microsoft Visual Studio Solution File, Format Version 12.00
# Visual Studio Version 16
VisualStudioVersion = 16.0.30503.244
MinimumVisualStudioVersion = 10.0.40219.1
Project("{FAE04EC0-301F-11D3-BF4B-00C04F79EFBC}") = "WSEvote", "..\..\..\E-Vote\WSEvote\WSEvote.csproj", "{CC257400-CF13-49FA-A583-F89B2B90E9CC}"
EndProject
Project("{FAE04EC0-301F-11D3-BF4B-00C04F79EFBC}") = "EVoteDAL", "EVoteDAL\EVoteDAL.csproj", "{75E8F470-07C2-4727-B199-554A08F4BA71}"
EndProject
Global
	GlobalSection(SolutionConfigurationPlatforms) = preSolution
		Debug|Any CPU = Debug|Any CPU
		Release|Any CPU = Release|Any CPU
	EndGlobalSection
	GlobalSection(ProjectConfigurationPlatforms) = postSolution
		{CC257400-CF13-49FA-A583-F89B2B90E9CC}.Debug|Any CPU.ActiveCfg = Debug|Any CPU
		{CC257400-CF13-49FA-A583-F89B2B90E9CC}.Debug|Any CPU.Build.0 = Debug|Any CPU
		{CC257400-CF13-49FA-A583-F89B2B90E9CC}.Release|Any CPU.ActiveCfg = Release|Any CPU
		{CC257400-CF13-49FA-A583-F89B2B90E9CC}.Release|Any CPU.Build.0 = Release|Any CPU
		{75E8F470-07C2-4727-B199-554A08F4BA71}.Debug|Any CPU.ActiveCfg = Debug|Any CPU
		{75E8F470-07C2-4727-B199-554A08F4BA71}.Debug|Any CPU.Build.0 = Debug|Any CPU
		{75E8F470-07C2-4727-B199-554A08F4BA71}.Release|Any CPU.ActiveCfg = Release|Any CPU
		{75E8F470-07C2-4727-B199-554A08F4BA71}.Release|Any CPU.Build.0 = Release|Any CPU
	EndGlobalSection
	GlobalSection(SolutionProperties) = preSolution
		HideSolutionNode = FALSE
	EndGlobalSection
	GlobalSection(ExtensibilityGlobals) = postSolution
		SolutionGuid = {22D44DC2-CCB9-452E-992E-7B12FEA65DA1}
	EndGlobalSection
EndGlobal
